
Microsoft Visual Studio Solution File, Format Version 12.00
# Visual Studio 15
VisualStudioVersion = 15.0.28307.1062
MinimumVisualStudioVersion = 10.0.40219.1
Project("{8BC9CEB8-8B4A-11D0-8D11-00A0C91BC942}") = "Server", "Server\Server.vcxproj", "{EE701B0C-8E27-43DE-B468-B197D8064CE5}"
EndProject
Project("{8BC9CEB8-8B4A-11D0-8D11-00A0C91BC942}") = "PeerToPeerFileTransferFunctions", "PeerToPeerFileTransferFunctions\PeerToPeerFileTransferFunctions.vcxproj", "{FA3640AE-E169-4C0F-991C-4077DA2F3424}"
EndProject
Project("{8BC9CEB8-8B4A-11D0-8D11-00A0C91BC942}") = "FTPServerFunctions", "FTPServerFunctions\FTPServerFunctions.vcxproj", "{E1EF2946-814F-4CE5-9FC6-EC9AC8A9C885}"
EndProject
Project("{8BC9CEB8-8B4A-11D0-8D11-00A0C91BC942}") = "FileIO_Functions", "FileIO_Functions\FileIO_Functions.vcxproj", "{DA8E0E4E-E2E3-48E0-AACD-DB28D188E179}"
EndProject
Project("{8BC9CEB8-8B4A-11D0-8D11-00A0C91BC942}") = "Client", "Client\Client.vcxproj", "{8E29D26D-17C4-4458-9252-186093AC4371}"
EndProject
Project("{8BC9CEB8-8B4A-11D0-8D11-00A0C91BC942}") = "DataStructures", "DataStructures\DataStructures.vcxproj", "{E23F16D6-E9D9-49EE-B121-97075B641CAB}"
EndProject
Project("{8BC9CEB8-8B4A-11D0-8D11-00A0C91BC942}") = "ClientData", "ClientData\ClientData.vcxproj", "{1C0476D8-EE74-480D-8AAC-C0D03AB90F6B}"
EndProject
Project("{8BC9CEB8-8B4A-11D0-8D11-00A0C91BC942}") = "DataStructsTests", "DataStructsTests\DataStructsTests.vcxproj", "{2F2F7C07-CA3C-490C-8CAD-4B553EBF1F80}"
EndProject
Global
	GlobalSection(SolutionConfigurationPlatforms) = preSolution
		Debug|x64 = Debug|x64
		Debug|x86 = Debug|x86
		Release|x64 = Release|x64
		Release|x86 = Release|x86
	EndGlobalSection
	GlobalSection(ProjectConfigurationPlatforms) = postSolution
		{EE701B0C-8E27-43DE-B468-B197D8064CE5}.Debug|x64.ActiveCfg = Debug|x64
		{EE701B0C-8E27-43DE-B468-B197D8064CE5}.Debug|x64.Build.0 = Debug|x64
		{EE701B0C-8E27-43DE-B468-B197D8064CE5}.Debug|x86.ActiveCfg = Debug|Win32
		{EE701B0C-8E27-43DE-B468-B197D8064CE5}.Debug|x86.Build.0 = Debug|Win32
		{EE701B0C-8E27-43DE-B468-B197D8064CE5}.Release|x64.ActiveCfg = Release|x64
		{EE701B0C-8E27-43DE-B468-B197D8064CE5}.Release|x64.Build.0 = Release|x64
		{EE701B0C-8E27-43DE-B468-B197D8064CE5}.Release|x86.ActiveCfg = Release|Win32
		{EE701B0C-8E27-43DE-B468-B197D8064CE5}.Release|x86.Build.0 = Release|Win32
		{FA3640AE-E169-4C0F-991C-4077DA2F3424}.Debug|x64.ActiveCfg = Debug|x64
		{FA3640AE-E169-4C0F-991C-4077DA2F3424}.Debug|x64.Build.0 = Debug|x64
		{FA3640AE-E169-4C0F-991C-4077DA2F3424}.Debug|x86.ActiveCfg = Debug|Win32
		{FA3640AE-E169-4C0F-991C-4077DA2F3424}.Debug|x86.Build.0 = Debug|Win32
		{FA3640AE-E169-4C0F-991C-4077DA2F3424}.Release|x64.ActiveCfg = Release|x64
		{FA3640AE-E169-4C0F-991C-4077DA2F3424}.Release|x64.Build.0 = Release|x64
		{FA3640AE-E169-4C0F-991C-4077DA2F3424}.Release|x86.ActiveCfg = Release|Win32
		{FA3640AE-E169-4C0F-991C-4077DA2F3424}.Release|x86.Build.0 = Release|Win32
		{E1EF2946-814F-4CE5-9FC6-EC9AC8A9C885}.Debug|x64.ActiveCfg = Debug|x64
		{E1EF2946-814F-4CE5-9FC6-EC9AC8A9C885}.Debug|x64.Build.0 = Debug|x64
		{E1EF2946-814F-4CE5-9FC6-EC9AC8A9C885}.Debug|x86.ActiveCfg = Debug|Win32
		{E1EF2946-814F-4CE5-9FC6-EC9AC8A9C885}.Debug|x86.Build.0 = Debug|Win32
		{E1EF2946-814F-4CE5-9FC6-EC9AC8A9C885}.Release|x64.ActiveCfg = Release|x64
		{E1EF2946-814F-4CE5-9FC6-EC9AC8A9C885}.Release|x64.Build.0 = Release|x64
		{E1EF2946-814F-4CE5-9FC6-EC9AC8A9C885}.Release|x86.ActiveCfg = Release|Win32
		{E1EF2946-814F-4CE5-9FC6-EC9AC8A9C885}.Release|x86.Build.0 = Release|Win32
		{DA8E0E4E-E2E3-48E0-AACD-DB28D188E179}.Debug|x64.ActiveCfg = Debug|x64
		{DA8E0E4E-E2E3-48E0-AACD-DB28D188E179}.Debug|x64.Build.0 = Debug|x64
		{DA8E0E4E-E2E3-48E0-AACD-DB28D188E179}.Debug|x86.ActiveCfg = Debug|Win32
		{DA8E0E4E-E2E3-48E0-AACD-DB28D188E179}.Debug|x86.Build.0 = Debug|Win32
		{DA8E0E4E-E2E3-48E0-AACD-DB28D188E179}.Release|x64.ActiveCfg = Release|x64
		{DA8E0E4E-E2E3-48E0-AACD-DB28D188E179}.Release|x64.Build.0 = Release|x64
		{DA8E0E4E-E2E3-48E0-AACD-DB28D188E179}.Release|x86.ActiveCfg = Release|Win32
		{DA8E0E4E-E2E3-48E0-AACD-DB28D188E179}.Release|x86.Build.0 = Release|Win32
		{8E29D26D-17C4-4458-9252-186093AC4371}.Debug|x64.ActiveCfg = Debug|x64
		{8E29D26D-17C4-4458-9252-186093AC4371}.Debug|x64.Build.0 = Debug|x64
		{8E29D26D-17C4-4458-9252-186093AC4371}.Debug|x86.ActiveCfg = Debug|Win32
		{8E29D26D-17C4-4458-9252-186093AC4371}.Debug|x86.Build.0 = Debug|Win32
		{8E29D26D-17C4-4458-9252-186093AC4371}.Release|x64.ActiveCfg = Release|x64
		{8E29D26D-17C4-4458-9252-186093AC4371}.Release|x64.Build.0 = Release|x64
		{8E29D26D-17C4-4458-9252-186093AC4371}.Release|x86.ActiveCfg = Release|Win32
		{8E29D26D-17C4-4458-9252-186093AC4371}.Release|x86.Build.0 = Release|Win32
		{E23F16D6-E9D9-49EE-B121-97075B641CAB}.Debug|x64.ActiveCfg = Debug|x64
		{E23F16D6-E9D9-49EE-B121-97075B641CAB}.Debug|x64.Build.0 = Debug|x64
		{E23F16D6-E9D9-49EE-B121-97075B641CAB}.Debug|x86.ActiveCfg = Debug|Win32
		{E23F16D6-E9D9-49EE-B121-97075B641CAB}.Debug|x86.Build.0 = Debug|Win32
		{E23F16D6-E9D9-49EE-B121-97075B641CAB}.Release|x64.ActiveCfg = Release|x64
		{E23F16D6-E9D9-49EE-B121-97075B641CAB}.Release|x64.Build.0 = Release|x64
		{E23F16D6-E9D9-49EE-B121-97075B641CAB}.Release|x86.ActiveCfg = Release|Win32
		{E23F16D6-E9D9-49EE-B121-97075B641CAB}.Release|x86.Build.0 = Release|Win32
		{1C0476D8-EE74-480D-8AAC-C0D03AB90F6B}.Debug|x64.ActiveCfg = Debug|x64
		{1C0476D8-EE74-480D-8AAC-C0D03AB90F6B}.Debug|x64.Build.0 = Debug|x64
		{1C0476D8-EE74-480D-8AAC-C0D03AB90F6B}.Debug|x86.ActiveCfg = Debug|Win32
		{1C0476D8-EE74-480D-8AAC-C0D03AB90F6B}.Debug|x86.Build.0 = Debug|Win32
		{1C0476D8-EE74-480D-8AAC-C0D03AB90F6B}.Release|x64.ActiveCfg = Release|x64
		{1C0476D8-EE74-480D-8AAC-C0D03AB90F6B}.Release|x64.Build.0 = Release|x64
		{1C0476D8-EE74-480D-8AAC-C0D03AB90F6B}.Release|x86.ActiveCfg = Release|Win32
		{1C0476D8-EE74-480D-8AAC-C0D03AB90F6B}.Release|x86.Build.0 = Release|Win32
		{2F2F7C07-CA3C-490C-8CAD-4B553EBF1F80}.Debug|x64.ActiveCfg = Debug|x64
		{2F2F7C07-CA3C-490C-8CAD-4B553EBF1F80}.Debug|x64.Build.0 = Debug|x64
		{2F2F7C07-CA3C-490C-8CAD-4B553EBF1F80}.Debug|x86.ActiveCfg = Debug|Win32
		{2F2F7C07-CA3C-490C-8CAD-4B553EBF1F80}.Debug|x86.Build.0 = Debug|Win32
		{2F2F7C07-CA3C-490C-8CAD-4B553EBF1F80}.Release|x64.ActiveCfg = Release|x64
		{2F2F7C07-CA3C-490C-8CAD-4B553EBF1F80}.Release|x64.Build.0 = Release|x64
		{2F2F7C07-CA3C-490C-8CAD-4B553EBF1F80}.Release|x86.ActiveCfg = Release|Win32
		{2F2F7C07-CA3C-490C-8CAD-4B553EBF1F80}.Release|x86.Build.0 = Release|Win32
	EndGlobalSection
	GlobalSection(SolutionProperties) = preSolution
		HideSolutionNode = FALSE
	EndGlobalSection
	GlobalSection(ExtensibilityGlobals) = postSolution
		SolutionGuid = {791618E0-22AC-4540-814D-4784982401DF}
	EndGlobalSection
EndGlobal
